{
  "lockfileVersion": 1,
  "configVersion": 1,
  "workspaces": {
    "": {
      "name": "silicon-renderer",
      "dependencies": {
        "broadutils": "github:natsie/broadutils",
      },
      "devDependencies": {
        "@types/bun": "^1.3.4",
        "@typescript/native-preview": "^7.0.0-dev.20251218.1",
        "prettier": "^3.7.4",
        "typescript": "^5.9.3",
      },
    },
  },
  "packages": {
    "@types/bun": ["@types/bun@1.3.4", "", { "dependencies": { "bun-types": "1.3.4" } }, "sha512-EEPTKXHP+zKGPkhRLv+HI0UEX8/o+65hqARxLy8Ov5rIxMBPNTjeZww00CIihrIQGEQBYg+0roO5qOnS/7boGA=="],

    "@types/node": ["@types/node@25.0.2", "", { "dependencies": { "undici-types": "~7.16.0" } }, "sha512-gWEkeiyYE4vqjON/+Obqcoeffmk0NF15WSBwSs7zwVA2bAbTaE0SJ7P0WNGoJn8uE7fiaV5a7dKYIJriEqOrmA=="],

    "@typescript/native-preview": ["@typescript/native-preview@7.0.0-dev.20251218.1", "", { "optionalDependencies": { "@typescript/native-preview-darwin-arm64": "7.0.0-dev.20251218.1", "@typescript/native-preview-darwin-x64": "7.0.0-dev.20251218.1", "@typescript/native-preview-linux-arm": "7.0.0-dev.20251218.1", "@typescript/native-preview-linux-arm64": "7.0.0-dev.20251218.1", "@typescript/native-preview-linux-x64": "7.0.0-dev.20251218.1", "@typescript/native-preview-win32-arm64": "7.0.0-dev.20251218.1", "@typescript/native-preview-win32-x64": "7.0.0-dev.20251218.1" }, "bin": { "tsgo": "bin/tsgo.js" } }, "sha512-rrJtVtvIpdphQQYErmLZktwJu8TI+R8qrnwd0UPgB7c3Z5Y/nSJkJ6bMo2Zw17iy15Gwv5wf9vJPh8VqIc5u0A=="],

    "@typescript/native-preview-darwin-arm64": ["@typescript/native-preview-darwin-arm64@7.0.0-dev.20251218.1", "", { "os": "darwin", "cpu": "arm64" }, "sha512-h4AtC8dlcOOkS6ZJ0iOeetHiha7EPLspQ/lPFyoyJshMbs3aaLVyIlz2Pez+7VaX4jkEoifVkVvfFj3D3xvcmQ=="],

    "@typescript/native-preview-darwin-x64": ["@typescript/native-preview-darwin-x64@7.0.0-dev.20251218.1", "", { "os": "darwin", "cpu": "x64" }, "sha512-Cqez/zyNGqMPc0Es5scLMBn+t6JpB7HN2K+XeNBKzOO6Mr13YOuO1CwSYM38z5LlwoFSCxaPTMSKUxjGQxb4+A=="],

    "@typescript/native-preview-linux-arm": ["@typescript/native-preview-linux-arm@7.0.0-dev.20251218.1", "", { "os": "linux", "cpu": "arm" }, "sha512-DJ5dp042L7MrVrPZ1b//Eu17DPhFXMwdK4a/vV5T2J/jX25v3BPwljv3S1RgBam1M+mPgfkqL1zAtTqiuh/sSw=="],

    "@typescript/native-preview-linux-arm64": ["@typescript/native-preview-linux-arm64@7.0.0-dev.20251218.1", "", { "os": "linux", "cpu": "arm64" }, "sha512-hwp6dMUzJWQoXIIr+q8OTpabeW6e0BqMhdbU+tgXZGWIxupxo8pmgu4nEbKKDjYQE1ctOZlIEMDoYQPUSRAEpA=="],

    "@typescript/native-preview-linux-x64": ["@typescript/native-preview-linux-x64@7.0.0-dev.20251218.1", "", { "os": "linux", "cpu": "x64" }, "sha512-43BAy7aTtwYDgDfyXmL0SZpWpM9/9pFFEP8JpjBeUtgsDQeAtFUASvGlczxud28ckJBHN8F8xUL51DnJrCSONg=="],

    "@typescript/native-preview-win32-arm64": ["@typescript/native-preview-win32-arm64@7.0.0-dev.20251218.1", "", { "os": "win32", "cpu": "arm64" }, "sha512-bruItzplPOh4l8pd0ad+rrL2WLA79pqTjAm3cjqwMAAZGbB6MJgeV5fAazNKwZ6h9BQ8i75l2hH3AahHRLr8ow=="],

    "@typescript/native-preview-win32-x64": ["@typescript/native-preview-win32-x64@7.0.0-dev.20251218.1", "", { "os": "win32", "cpu": "x64" }, "sha512-7wZYwIdfI/61Wr0lR0ZIBe0qp14AohVNbV54ilVrdWXRMr15Uy3AfTfEGq3NmgeLCi86isdFhwWmhqJW37//wA=="],

    "broadutils": ["broadutils@github:natsie/broadutils#a0e0c0f", {}, "natsie-broadutils-a0e0c0f"],

    "bun-types": ["bun-types@1.3.4", "", { "dependencies": { "@types/node": "*" } }, "sha512-5ua817+BZPZOlNaRgGBpZJOSAQ9RQ17pkwPD0yR7CfJg+r8DgIILByFifDTa+IPDDxzf5VNhtNlcKqFzDgJvlQ=="],

    "prettier": ["prettier@3.7.4", "", { "bin": { "prettier": "bin/prettier.cjs" } }, "sha512-v6UNi1+3hSlVvv8fSaoUbggEM5VErKmmpGA7Pl3HF8V6uKY7rvClBOJlH6yNwQtfTueNkGVpOv/mtWL9L4bgRA=="],

    "typescript": ["typescript@5.9.3", "", { "bin": { "tsc": "bin/tsc", "tsserver": "bin/tsserver" } }, "sha512-jl1vZzPDinLr9eUt3J/t7V6FgNEw9QjvBPdysz9KfQDD41fQrC2Y4vKQdiaUpFT4bXlb1RHhLpp8wtm6M5TgSw=="],

    "undici-types": ["undici-types@7.16.0", "", {}, "sha512-Zz+aZWSj8LE6zoxD+xrjh4VfkIG8Ya6LvYkZqtUQGJPZjYl53ypCaUwWqo7eI0x66KBGeRo+mlBEkMSeSZ38Nw=="],
  }
}
